// !$*UTF8*$!
{
	archiveVersion = 1;
	classes = {
	};
	objectVersion = 50;
	objects = {

/* Begin PBXBuildFile section */
		3D9683A0214767BF00613437 /* AppDelegate.m in Sources */ = {isa = PBXBuildFile; fileRef = 3D96839F214767BF00613437 /* AppDelegate.m */; };
		3D9683A3214767BF00613437 /* ViewController.m in Sources */ = {isa = PBXBuildFile; fileRef = 3D9683A2214767BF00613437 /* ViewController.m */; };
		3D9683A6214767BF00613437 /* Main.storyboard in Resources */ = {isa = PBXBuildFile; fileRef = 3D9683A4214767BF00613437 /* Main.storyboard */; };
		3D9683A9214767BF00613437 /* B_Category.xcdatamodeld in Sources */ = {isa = PBXBuildFile; fileRef = 3D9683A7214767BF00613437 /* B_Category.xcdatamodeld */; };
		3D9683AB214767C500613437 /* Assets.xcassets in Resources */ = {isa = PBXBuildFile; fileRef = 3D9683AA214767C500613437 /* Assets.xcassets */; };
		3D9683AE214767C500613437 /* LaunchScreen.storyboard in Resources */ = {isa = PBXBuildFile; fileRef = 3D9683AC214767C500613437 /* LaunchScreen.storyboard */; };
		3D9683B1214767C500613437 /* main.m in Sources */ = {isa = PBXBuildFile; fileRef = 3D9683B0214767C500613437 /* main.m */; };
		3D9683BB214767C500613437 /* B_CategoryTests.m in Sources */ = {isa = PBXBuildFile; fileRef = 3D9683BA214767C500613437 /* B_CategoryTests.m */; };
		3D9683C6214767C600613437 /* B_CategoryUITests.m in Sources */ = {isa = PBXBuildFile; fileRef = 3D9683C5214767C600613437 /* B_CategoryUITests.m */; };
		3D96841721476A2000613437 /* CTMediator+B.m in Sources */ = {isa = PBXBuildFile; fileRef = 3D96841621476A2000613437 /* CTMediator+B.m */; };
		C8C7594ED973ABFD2DBACDBC /* Pods_B_Category.framework in Frameworks */ = {isa = PBXBuildFile; fileRef = 2BC37268D2FA7DC368D25AB5 /* Pods_B_Category.framework */; };
/* End PBXBuildFile section */

/* Begin PBXContainerItemProxy section */
		3D9683B7214767C500613437 /* PBXContainerItemProxy */ = {
			isa = PBXContainerItemProxy;
			containerPortal = 3D968393214767BF00613437 /* Project object */;
			proxyType = 1;
			remoteGlobalIDString = 3D96839A214767BF00613437;
			remoteInfo = B_Category;
		};
		3D9683C2214767C600613437 /* PBXContainerItemProxy */ = {
			isa = PBXContainerItemProxy;
			containerPortal = 3D968393214767BF00613437 /* Project object */;
			proxyType = 1;
			remoteGlobalIDString = 3D96839A214767BF00613437;
			remoteInfo = B_Category;
		};
/* End PBXContainerItemProxy section */

/* Begin PBXFileReference section */
		2BC37268D2FA7DC368D25AB5 /* Pods_B_Category.framework */ = {isa = PBXFileReference; explicitFileType = wrapper.framework; includeInIndex = 0; path = Pods_B_Category.framework; sourceTree = BUILT_PRODUCTS_DIR; };
		3D96839B214767BF00613437 /* B_Category.app */ = {isa = PBXFileReference; explicitFileType = wrapper.application; includeInIndex = 0; path = B_Category.app; sourceTree = BUILT_PRODUCTS_DIR; };
		3D96839E214767BF00613437 /* AppDelegate.h */ = {isa = PBXFileReference; lastKnownFileType = sourcecode.c.h; path = AppDelegate.h; sourceTree = "<group>"; };
		3D96839F214767BF00613437 /* AppDelegate.m */ = {isa = PBXFileReference; lastKnownFileType = sourcecode.c.objc; path = AppDelegate.m; sourceTree = "<group>"; };
		3D9683A1214767BF00613437 /* ViewController.h */ = {isa = PBXFileReference; lastKnownFileType = sourcecode.c.h; path = ViewController.h; sourceTree = "<group>"; };
		3D9683A2214767BF00613437 /* ViewController.m */ = {isa = PBXFileReference; lastKnownFileType = sourcecode.c.objc; path = ViewController.m; sourceTree = "<group>"; };
		3D9683A5214767BF00613437 /* Base */ = {isa = PBXFileReference; lastKnownFileType = file.storyboard; name = Base; path = Base.lproj/Main.storyboard; sourceTree = "<group>"; };
		3D9683A8214767BF00613437 /* B_Category.xcdatamodel */ = {isa = PBXFileReference; lastKnownFileType = wrapper.xcdatamodel; path = B_Category.xcdatamodel; sourceTree = "<group>"; };
		3D9683AA214767C500613437 /* Assets.xcassets */ = {isa = PBXFileReference; lastKnownFileType = folder.assetcatalog; path = Assets.xcassets; sourceTree = "<group>"; };
		3D9683AD214767C500613437 /* Base */ = {isa = PBXFileReference; lastKnownFileType = file.storyboard; name = Base; path = Base.lproj/LaunchScreen.storyboard; sourceTree = "<group>"; };
		3D9683AF214767C500613437 /* Info.plist */ = {isa = PBXFileReference; lastKnownFileType = text.plist.xml; path = Info.plist; sourceTree = "<group>"; };
		3D9683B0214767C500613437 /* main.m */ = {isa = PBXFileReference; lastKnownFileType = sourcecode.c.objc; path = main.m; sourceTree = "<group>"; };
		3D9683B6214767C500613437 /* B_CategoryTests.xctest */ = {isa = PBXFileReference; explicitFileType = wrapper.cfbundle; includeInIndex = 0; path = B_CategoryTests.xctest; sourceTree = BUILT_PRODUCTS_DIR; };
		3D9683BA214767C500613437 /* B_CategoryTests.m */ = {isa = PBXFileReference; lastKnownFileType = sourcecode.c.objc; path = B_CategoryTests.m; sourceTree = "<group>"; };
		3D9683BC214767C600613437 /* Info.plist */ = {isa = PBXFileReference; lastKnownFileType = text.plist.xml; path = Info.plist; sourceTree = "<group>"; };
		3D9683C1214767C600613437 /* B_CategoryUITests.xctest */ = {isa = PBXFileReference; explicitFileType = wrapper.cfbundle; includeInIndex = 0; path = B_CategoryUITests.xctest; sourceTree = BUILT_PRODUCTS_DIR; };
		3D9683C5214767C600613437 /* B_CategoryUITests.m */ = {isa = PBXFileReference; lastKnownFileType = sourcecode.c.objc; path = B_CategoryUITests.m; sourceTree = "<group>"; };
		3D9683C7214767C600613437 /* Info.plist */ = {isa = PBXFileReference; lastKnownFileType = text.plist.xml; path = Info.plist; sourceTree = "<group>"; };
		3D96841521476A2000613437 /* CTMediator+B.h */ = {isa = PBXFileReference; lastKnownFileType = sourcecode.c.h; path = "CTMediator+B.h"; sourceTree = "<group>"; };
		3D96841621476A2000613437 /* CTMediator+B.m */ = {isa = PBXFileReference; lastKnownFileType = sourcecode.c.objc; path = "CTMediator+B.m"; sourceTree = "<group>"; };
		5E630FDB8C4F9684345C3AFA /* Pods-B_Category.debug.xcconfig */ = {isa = PBXFileReference; includeInIndex = 1; lastKnownFileType = text.xcconfig; name = "Pods-B_Category.debug.xcconfig"; path = "Pods/Target Support Files/Pods-B_Category/Pods-B_Category.debug.xcconfig"; sourceTree = "<group>"; };
		ACD6B7EDD09D8F78AB9A5B6E /* Pods-B_Category.release.xcconfig */ = {isa = PBXFileReference; includeInIndex = 1; lastKnownFileType = text.xcconfig; name = "Pods-B_Category.release.xcconfig"; path = "Pods/Target Support Files/Pods-B_Category/Pods-B_Category.release.xcconfig"; sourceTree = "<group>"; };
/* End PBXFileReference section */

/* Begin PBXFrameworksBuildPhase section */
		3D968398214767BF00613437 /* Frameworks */ = {
			isa = PBXFrameworksBuildPhase;
			buildActionMask = 2147483647;
			files = (
				C8C7594ED973ABFD2DBACDBC /* Pods_B_Category.framework in Frameworks */,
			);
			runOnlyForDeploymentPostprocessing = 0;
		};
		3D9683B3214767C500613437 /* Frameworks */ = {
			isa = PBXFrameworksBuildPhase;
			buildActionMask = 2147483647;
			files = (
			);
			runOnlyForDeploymentPostprocessing = 0;
		};
		3D9683BE214767C600613437 /* Frameworks */ = {
			isa = PBXFrameworksBuildPhase;
			buildActionMask = 2147483647;
			files = (
			);
			runOnlyForDeploymentPostprocessing = 0;
		};
/* End PBXFrameworksBuildPhase section */

/* Begin PBXGroup section */
		3D968392214767BF00613437 = {
			isa = PBXGroup;
			children = (
				3D96839D214767BF00613437 /* B_Category */,
				3D9683B9214767C500613437 /* B_CategoryTests */,
				3D9683C4214767C600613437 /* B_CategoryUITests */,
				3D96839C214767BF00613437 /* Products */,
				D610AA0CB4E84ABDE6183D7B /* Pods */,
				41B66C967500B359CEB3664D /* Frameworks */,
			);
			sourceTree = "<group>";
		};
		3D96839C214767BF00613437 /* Products */ = {
			isa = PBXGroup;
			children = (
				3D96839B214767BF00613437 /* B_Category.app */,
				3D9683B6214767C500613437 /* B_CategoryTests.xctest */,
				3D9683C1214767C600613437 /* B_CategoryUITests.xctest */,
			);
			name = Products;
			sourceTree = "<group>";
		};
		3D96839D214767BF00613437 /* B_Category */ = {
			isa = PBXGroup;
			children = (
				3D96841421476A1200613437 /* B_Category */,
				3D96839E214767BF00613437 /* AppDelegate.h */,
				3D96839F214767BF00613437 /* AppDelegate.m */,
				3D9683A1214767BF00613437 /* ViewController.h */,
				3D9683A2214767BF00613437 /* ViewController.m */,
				3D9683A4214767BF00613437 /* Main.storyboard */,
				3D9683AA214767C500613437 /* Assets.xcassets */,
				3D9683AC214767C500613437 /* LaunchScreen.storyboard */,
				3D9683AF214767C500613437 /* Info.plist */,
				3D9683B0214767C500613437 /* main.m */,
				3D9683A7214767BF00613437 /* B_Category.xcdatamodeld */,
			);
			path = B_Category;
			sourceTree = "<group>";
		};
		3D9683B9214767C500613437 /* B_CategoryTests */ = {
			isa = PBXGroup;
			children = (
				3D9683BA214767C500613437 /* B_CategoryTests.m */,
				3D9683BC214767C600613437 /* Info.plist */,
			);
			path = B_CategoryTests;
			sourceTree = "<group>";
		};
		3D9683C4214767C600613437 /* B_CategoryUITests */ = {
			isa = PBXGroup;
			children = (
				3D9683C5214767C600613437 /* B_CategoryUITests.m */,
				3D9683C7214767C600613437 /* Info.plist */,
			);
			path = B_CategoryUITests;
			sourceTree = "<group>";
		};
		3D96841421476A1200613437 /* B_Category */ = {
			isa = PBXGroup;
			children = (
				3D96841521476A2000613437 /* CTMediator+B.h */,
				3D96841621476A2000613437 /* CTMediator+B.m */,
			);
			path = B_Category;
			sourceTree = "<group>";
		};
		41B66C967500B359CEB3664D /* Frameworks */ = {
			isa = PBXGroup;
			children = (
				2BC37268D2FA7DC368D25AB5 /* Pods_B_Category.framework */,
			);
			name = Frameworks;
			sourceTree = "<group>";
		};
		D610AA0CB4E84ABDE6183D7B /* Pods */ = {
			isa = PBXGroup;
			children = (
				5E630FDB8C4F9684345C3AFA /* Pods-B_Category.debug.xcconfig */,
				ACD6B7EDD09D8F78AB9A5B6E /* Pods-B_Category.release.xcconfig */,
			);
			name = Pods;
			sourceTree = "<group>";
		};
/* End PBXGroup section */

/* Begin PBXNativeTarget section */
		3D96839A214767BF00613437 /* B_Category */ = {
			isa = PBXNativeTarget;
			buildConfigurationList = 3D9683CA214767C600613437 /* Build configuration list for PBXNativeTarget "B_Category" */;
			buildPhases = (
				29FA7F62B8E012810F7E8D75 /* [CP] Check Pods Manifest.lock */,
				3D968397214767BF00613437 /* Sources */,
				3D968398214767BF00613437 /* Frameworks */,
				3D968399214767BF00613437 /* Resources */,
				50A59039FFC78400D71ABFEE /* [CP] Embed Pods Frameworks */,
			);
			buildRules = (
			);
			dependencies = (
			);
			name = B_Category;
			productName = B_Category;
			productReference = 3D96839B214767BF00613437 /* B_Category.app */;
			productType = "com.apple.product-type.application";
		};
		3D9683B5214767C500613437 /* B_CategoryTests */ = {
			isa = PBXNativeTarget;
			buildConfigurationList = 3D9683CD214767C600613437 /* Build configuration list for PBXNativeTarget "B_CategoryTests" */;
			buildPhases = (
				3D9683B2214767C500613437 /* Sources */,
				3D9683B3214767C500613437 /* Frameworks */,
				3D9683B4214767C500613437 /* Resources */,
			);
			buildRules = (
			);
			dependencies = (
				3D9683B8214767C500613437 /* PBXTargetDependency */,
			);
			name = B_CategoryTests;
			productName = B_CategoryTests;
			productReference = 3D9683B6214767C500613437 /* B_CategoryTests.xctest */;
			productType = "com.apple.product-type.bundle.unit-test";
		};
		3D9683C0214767C600613437 /* B_CategoryUITests */ = {
			isa = PBXNativeTarget;
			buildConfigurationList = 3D9683D0214767C600613437 /* Build configuration list for PBXNativeTarget "B_CategoryUITests" */;
			buildPhases = (
				3D9683BD214767C600613437 /* Sources */,
				3D9683BE214767C600613437 /* Frameworks */,
				3D9683BF214767C600613437 /* Resources */,
			);
			buildRules = (
			);
			dependencies = (
				3D9683C3214767C600613437 /* PBXTargetDependency */,
			);
			name = B_CategoryUITests;
			productName = B_CategoryUITests;
			productReference = 3D9683C1214767C600613437 /* B_CategoryUITests.xctest */;
			productType = "com.apple.product-type.bundle.ui-testing";
		};
/* End PBXNativeTarget section */

/* Begin PBXProject section */
		3D968393214767BF00613437 /* Project object */ = {
			isa = PBXProject;
			attributes = {
				LastUpgradeCheck = 0930;
				ORGANIZATIONNAME = "孙一越";
				TargetAttributes = {
					3D96839A214767BF00613437 = {
						CreatedOnToolsVersion = 9.3;
					};
					3D9683B5214767C500613437 = {
						CreatedOnToolsVersion = 9.3;
						TestTargetID = 3D96839A214767BF00613437;
					};
					3D9683C0214767C600613437 = {
						CreatedOnToolsVersion = 9.3;
						TestTargetID = 3D96839A214767BF00613437;
					};
				};
			};
			buildConfigurationList = 3D968396214767BF00613437 /* Build configuration list for PBXProject "B_Category" */;
			compatibilityVersion = "Xcode 9.3";
			developmentRegion = en;
			hasScannedForEncodings = 0;
			knownRegions = (
				en,
				Base,
			);
			mainGroup = 3D968392214767BF00613437;
			productRefGroup = 3D96839C214767BF00613437 /* Products */;
			projectDirPath = "";
			projectRoot = "";
			targets = (
				3D96839A214767BF00613437 /* B_Category */,
				3D9683B5214767C500613437 /* B_CategoryTests */,
				3D9683C0214767C600613437 /* B_CategoryUITests */,
			);
		};
/* End PBXProject section */

/* Begin PBXResourcesBuildPhase section */
		3D968399214767BF00613437 /* Resources */ = {
			isa = PBXResourcesBuildPhase;
			buildActionMask = 2147483647;
			files = (
				3D9683AE214767C500613437 /* LaunchScreen.storyboard in Resources */,
				3D9683AB214767C500613437 /* Assets.xcassets in Resources */,
				3D9683A6214767BF00613437 /* Main.storyboard in Resources */,
			);
			runOnlyForDeploymentPostprocessing = 0;
		};
		3D9683B4214767C500613437 /* Resources */ = {
			isa = PBXResourcesBuildPhase;
			buildActionMask = 2147483647;
			files = (
			);
			runOnlyForDeploymentPostprocessing = 0;
		};
		3D9683BF214767C600613437 /* Resources */ = {
			isa = PBXResourcesBuildPhase;
			buildActionMask = 2147483647;
			files = (
			);
			runOnlyForDeploymentPostprocessing = 0;
		};
/* End PBXResourcesBuildPhase section */

/* Begin PBXShellScriptBuildPhase section */
		29FA7F62B8E012810F7E8D75 /* [CP] Check Pods Manifest.lock */ = {
			isa = PBXShellScriptBuildPhase;
			buildActionMask = 2147483647;
			files = (
			);
			inputPaths = (
				"${PODS_PODFILE_DIR_PATH}/Podfile.lock",
				"${PODS_ROOT}/Manifest.lock",
			);
			name = "[CP] Check Pods Manifest.lock";
			outputPaths = (
				"$(DERIVED_FILE_DIR)/Pods-B_Category-checkManifestLockResult.txt",
			);
			runOnlyForDeploymentPostprocessing = 0;
			shellPath = /bin/sh;
			shellScript = "diff \"${PODS_PODFILE_DIR_PATH}/Podfile.lock\" \"${PODS_ROOT}/Manifest.lock\" > /dev/null\nif [ $? != 0 ] ; then\n    # print error to STDERR\n    echo \"error: The sandbox is not in sync with the Podfile.lock. Run 'pod install' or update your CocoaPods installation.\" >&2\n    exit 1\nfi\n# This output is used by Xcode 'outputs' to avoid re-running this script phase.\necho \"SUCCESS\" > \"${SCRIPT_OUTPUT_FILE_0}\"\n";
			showEnvVarsInLog = 0;
		};
		50A59039FFC78400D71ABFEE /* [CP] Embed Pods Frameworks */ = {
			isa = PBXShellScriptBuildPhase;
			buildActionMask = 2147483647;
			files = (
			);
			inputPaths = (
				"${SRCROOT}/Pods/Target Support Files/Pods-B_Category/Pods-B_Category-frameworks.sh",
				"${BUILT_PRODUCTS_DIR}/CTMediator/CTMediator.framework",
			);
			name = "[CP] Embed Pods Frameworks";
			outputPaths = (
				"${TARGET_BUILD_DIR}/${FRAMEWORKS_FOLDER_PATH}/CTMediator.framework",
			);
			runOnlyForDeploymentPostprocessing = 0;
			shellPath = /bin/sh;
			shellScript = "\"${SRCROOT}/Pods/Target Support Files/Pods-B_Category/Pods-B_Category-frameworks.sh\"\n";
			showEnvVarsInLog = 0;
		};
/* End PBXShellScriptBuildPhase section */

/* Begin PBXSourcesBuildPhase section */
		3D968397214767BF00613437 /* Sources */ = {
			isa = PBXSourcesBuildPhase;
			buildActionMask = 2147483647;
			files = (
				3D9683A3214767BF00613437 /* ViewController.m in Sources */,
				3D9683A0214767BF00613437 /* AppDelegate.m in Sources */,
				3D9683B1214767C500613437 /* main.m in Sources */,
				3D9683A9214767BF00613437 /* B_Category.xcdatamodeld in Sources */,
				3D96841721476A2000613437 /* CTMediator+B.m in Sources */,
			);
			runOnlyForDeploymentPostprocessing = 0;
		};
		3D9683B2214767C500613437 /* Sources */ = {
			isa = PBXSourcesBuildPhase;
			buildActionMask = 2147483647;
			files = (
				3D9683BB214767C500613437 /* B_CategoryTests.m in Sources */,
			);
			runOnlyForDeploymentPostprocessing = 0;
		};
		3D9683BD214767C600613437 /* Sources */ = {
			isa = PBXSourcesBuildPhase;
			buildActionMask = 2147483647;
			files = (
				3D9683C6214767C600613437 /* B_CategoryUITests.m in Sources */,
			);
			runOnlyForDeploymentPostprocessing = 0;
		};
/* End PBXSourcesBuildPhase section */

/* Begin PBXTargetDependency section */
		3D9683B8214767C500613437 /* PBXTargetDependency */ = {
			isa = PBXTargetDependency;
			target = 3D96839A214767BF00613437 /* B_Category */;
			targetProxy = 3D9683B7214767C500613437 /* PBXContainerItemProxy */;
		};
		3D9683C3214767C600613437 /* PBXTargetDependency */ = {
			isa = PBXTargetDependency;
			target = 3D96839A214767BF00613437 /* B_Category */;
			targetProxy = 3D9683C2214767C600613437 /* PBXContainerItemProxy */;
		};
/* End PBXTargetDependency section */

/* Begin PBXVariantGroup section */
		3D9683A4214767BF00613437 /* Main.storyboard */ = {
			isa = PBXVariantGroup;
			children = (
				3D9683A5214767BF00613437 /* Base */,
			);
			name = Main.storyboard;
			sourceTree = "<group>";
		};
		3D9683AC214767C500613437 /* LaunchScreen.storyboard */ = {
			isa = PBXVariantGroup;
			children = (
				3D9683AD214767C500613437 /* Base */,
			);
			name = LaunchScreen.storyboard;
			sourceTree = "<group>";
		};
/* End PBXVariantGroup section */

/* Begin XCBuildConfiguration section */
		3D9683C8214767C600613437 /* Debug */ = {
			isa = XCBuildConfiguration;
			buildSettings = {
				ALWAYS_SEARCH_USER_PATHS = NO;
				CLANG_ANALYZER_NONNULL = YES;
				CLANG_ANALYZER_NUMBER_OBJECT_CONVERSION = YES_AGGRESSIVE;
				CLANG_CXX_LANGUAGE_STANDARD = "gnu++14";
				CLANG_CXX_LIBRARY = "libc++";
				CLANG_ENABLE_MODULES = YES;
				CLANG_ENABLE_OBJC_ARC = YES;
				CLANG_ENABLE_OBJC_WEAK = YES;
				CLANG_WARN_BLOCK_CAPTURE_AUTORELEASING = YES;
				CLANG_WARN_BOOL_CONVERSION = YES;
				CLANG_WARN_COMMA = YES;
				CLANG_WARN_CONSTANT_CONVERSION = YES;
				CLANG_WARN_DEPRECATED_OBJC_IMPLEMENTATIONS = YES;
				CLANG_WARN_DIRECT_OBJC_ISA_USAGE = YES_ERROR;
				CLANG_WARN_DOCUMENTATION_COMMENTS = YES;
				CLANG_WARN_EMPTY_BODY = YES;
				CLANG_WARN_ENUM_CONVERSION = YES;
				CLANG_WARN_INFINITE_RECURSION = YES;
				CLANG_WARN_INT_CONVERSION = YES;
				CLANG_WARN_NON_LITERAL_NULL_CONVERSION = YES;
				CLANG_WARN_OBJC_IMPLICIT_RETAIN_SELF = YES;
				CLANG_WARN_OBJC_LITERAL_CONVERSION = YES;
				CLANG_WARN_OBJC_ROOT_CLASS = YES_ERROR;
				CLANG_WARN_RANGE_LOOP_ANALYSIS = YES;
				CLANG_WARN_STRICT_PROTOTYPES = YES;
				CLANG_WARN_SUSPICIOUS_MOVE = YES;
				CLANG_WARN_UNGUARDED_AVAILABILITY = YES_AGGRESSIVE;
				CLANG_WARN_UNREACHABLE_CODE = YES;
				CLANG_WARN__DUPLICATE_METHOD_MATCH = YES;
				CODE_SIGN_IDENTITY = "iPhone Developer";
				COPY_PHASE_STRIP = NO;
				DEBUG_INFORMATION_FORMAT = dwarf;
				ENABLE_STRICT_OBJC_MSGSEND = YES;
				ENABLE_TESTABILITY = YES;
				GCC_C_LANGUAGE_STANDARD = gnu11;
				GCC_DYNAMIC_NO_PIC = NO;
				GCC_NO_COMMON_BLOCKS = YES;
				GCC_OPTIMIZATION_LEVEL = 0;
				GCC_PREPROCESSOR_DEFINITIONS = (
					"DEBUG=1",
					"$(inherited)",
				);
				GCC_WARN_64_TO_32_BIT_CONVERSION = YES;
				GCC_WARN_ABOUT_RETURN_TYPE = YES_ERROR;
				GCC_WARN_UNDECLARED_SELECTOR = YES;
				GCC_WARN_UNINITIALIZED_AUTOS = YES_AGGRESSIVE;
				GCC_WARN_UNUSED_FUNCTION = YES;
				GCC_WARN_UNUSED_VARIABLE = YES;
				IPHONEOS_DEPLOYMENT_TARGET = 11.3;
				MTL_ENABLE_DEBUG_INFO = YES;
				ONLY_ACTIVE_ARCH = YES;
				SDKROOT = iphoneos;
			};
			name = Debug;
		};
		3D9683C9214767C600613437 /* Release */ = {
			isa = XCBuildConfiguration;
			buildSettings = {
				ALWAYS_SEARCH_USER_PATHS = NO;
				CLANG_ANALYZER_NONNULL = YES;
				CLANG_ANALYZER_NUMBER_OBJECT_CONVERSION = YES_AGGRESSIVE;
				CLANG_CXX_LANGUAGE_STANDARD = "gnu++14";
				CLANG_CXX_LIBRARY = "libc++";
				CLANG_ENABLE_MODULES = YES;
				CLANG_ENABLE_OBJC_ARC = YES;
				CLANG_ENABLE_OBJC_WEAK = YES;
				CLANG_WARN_BLOCK_CAPTURE_AUTORELEASING = YES;
				CLANG_WARN_BOOL_CONVERSION = YES;
				CLANG_WARN_COMMA = YES;
				CLANG_WARN_CONSTANT_CONVERSION = YES;
				CLANG_WARN_DEPRECATED_OBJC_IMPLEMENTATIONS = YES;
				CLANG_WARN_DIRECT_OBJC_ISA_USAGE = YES_ERROR;
				CLANG_WARN_DOCUMENTATION_COMMENTS = YES;
				CLANG_WARN_EMPTY_BODY = YES;
				CLANG_WARN_ENUM_CONVERSION = YES;
				CLANG_WARN_INFINITE_RECURSION = YES;
				CLANG_WARN_INT_CONVERSION = YES;
				CLANG_WARN_NON_LITERAL_NULL_CONVERSION = YES;
				CLANG_WARN_OBJC_IMPLICIT_RETAIN_SELF = YES;
				CLANG_WARN_OBJC_LITERAL_CONVERSION = YES;
				CLANG_WARN_OBJC_ROOT_CLASS = YES_ERROR;
				CLANG_WARN_RANGE_LOOP_ANALYSIS = YES;
				CLANG_WARN_STRICT_PROTOTYPES = YES;
				CLANG_WARN_SUSPICIOUS_MOVE = YES;
				CLANG_WARN_UNGUARDED_AVAILABILITY = YES_AGGRESSIVE;
				CLANG_WARN_UNREACHABLE_CODE = YES;
				CLANG_WARN__DUPLICATE_METHOD_MATCH = YES;
				CODE_SIGN_IDENTITY = "iPhone Developer";
				COPY_PHASE_STRIP = NO;
				DEBUG_INFORMATION_FORMAT = "dwarf-with-dsym";
				ENABLE_NS_ASSERTIONS = NO;
				ENABLE_STRICT_OBJC_MSGSEND = YES;
				GCC_C_LANGUAGE_STANDARD = gnu11;
				GCC_NO_COMMON_BLOCKS = YES;
				GCC_WARN_64_TO_32_BIT_CONVERSION = YES;
				GCC_WARN_ABOUT_RETURN_TYPE = YES_ERROR;
				GCC_WARN_UNDECLARED_SELECTOR = YES;
				GCC_WARN_UNINITIALIZED_AUTOS = YES_AGGRESSIVE;
				GCC_WARN_UNUSED_FUNCTION = YES;
				GCC_WARN_UNUSED_VARIABLE = YES;
				IPHONEOS_DEPLOYMENT_TARGET = 11.3;
				MTL_ENABLE_DEBUG_INFO = NO;
				SDKROOT = iphoneos;
				VALIDATE_PRODUCT = YES;
			};
			name = Release;
		};
		3D9683CB214767C600613437 /* Debug */ = {
			isa = XCBuildConfiguration;
			baseConfigurationReference = 5E630FDB8C4F9684345C3AFA /* Pods-B_Category.debug.xcconfig */;
			buildSettings = {
				ASSETCATALOG_COMPILER_APPICON_NAME = AppIcon;
				CODE_SIGN_STYLE = Automatic;
				INFOPLIST_FILE = B_Category/Info.plist;
				LD_RUNPATH_SEARCH_PATHS = (
					"$(inherited)",
					"@executable_path/Frameworks",
				);
				PRODUCT_BUNDLE_IDENTIFIER = "com.thunisoft.B-Category";
				PRODUCT_NAME = "$(TARGET_NAME)";
				TARGETED_DEVICE_FAMILY = "1,2";
			};
			name = Debug;
		};
		3D9683CC214767C600613437 /* Release */ = {
			isa = XCBuildConfiguration;
			baseConfigurationReference = ACD6B7EDD09D8F78AB9A5B6E /* Pods-B_Category.release.xcconfig */;
			buildSettings = {
				ASSETCATALOG_COMPILER_APPICON_NAME = AppIcon;
				CODE_SIGN_STYLE = Automatic;
				INFOPLIST_FILE = B_Category/Info.plist;
				LD_RUNPATH_SEARCH_PATHS = (
					"$(inherited)",
					"@executable_path/Frameworks",
				);
				PRODUCT_BUNDLE_IDENTIFIER = "com.thunisoft.B-Category";
				PRODUCT_NAME = "$(TARGET_NAME)";
				TARGETED_DEVICE_FAMILY = "1,2";
			};
			name = Release;
		};
		3D9683CE214767C600613437 /* Debug */ = {
			isa = XCBuildConfiguration;
			buildSettings = {
				BUNDLE_LOADER = "$(TEST_HOST)";
				CODE_SIGN_STYLE = Automatic;
				INFOPLIST_FILE = B_CategoryTests/Info.plist;
				LD_RUNPATH_SEARCH_PATHS = (
					"$(inherited)",
					"@executable_path/Frameworks",
					"@loader_path/Frameworks",
				);
				PRODUCT_BUNDLE_IDENTIFIER = "com.thunisoft.B-CategoryTests";
				PRODUCT_NAME = "$(TARGET_NAME)";
				TARGETED_DEVICE_FAMILY = "1,2";
				TEST_HOST = "$(BUILT_PRODUCTS_DIR)/B_Category.app/B_Category";
			};
			name = Debug;
		};
		3D9683CF214767C600613437 /* Release */ = {
			isa = XCBuildConfiguration;
			buildSettings = {
				BUNDLE_LOADER = "$(TEST_HOST)";
				CODE_SIGN_STYLE = Automatic;
				INFOPLIST_FILE = B_CategoryTests/Info.plist;
				LD_RUNPATH_SEARCH_PATHS = (
					"$(inherited)",
					"@executable_path/Frameworks",
					"@loader_path/Frameworks",
				);
				PRODUCT_BUNDLE_IDENTIFIER = "com.thunisoft.B-CategoryTests";
				PRODUCT_NAME = "$(TARGET_NAME)";
				TARGETED_DEVICE_FAMILY = "1,2";
				TEST_HOST = "$(BUILT_PRODUCTS_DIR)/B_Category.app/B_Category";
			};
			name = Release;
		};
		3D9683D1214767C600613437 /* Debug */ = {
			isa = XCBuildConfiguration;
			buildSettings = {
				CODE_SIGN_STYLE = Automatic;
				INFOPLIST_FILE = B_CategoryUITests/Info.plist;
				LD_RUNPATH_SEARCH_PATHS = (
					"$(inherited)",
					"@executable_path/Frameworks",
					"@loader_path/Frameworks",
				);
				PRODUCT_BUNDLE_IDENTIFIER = "com.thunisoft.B-CategoryUITests";
				PRODUCT_NAME = "$(TARGET_NAME)";
				TARGETED_DEVICE_FAMILY = "1,2";
				TEST_TARGET_NAME = B_Category;
			};
			name = Debug;
		};
		3D9683D2214767C600613437 /* Release */ = {
			isa = XCBuildConfiguration;
			buildSettings = {
				CODE_SIGN_STYLE = Automatic;
				INFOPLIST_FILE = B_CategoryUITests/Info.plist;
				LD_RUNPATH_SEARCH_PATHS = (
					"$(inherited)",
					"@executable_path/Frameworks",
					"@loader_path/Frameworks",
				);
				PRODUCT_BUNDLE_IDENTIFIER = "com.thunisoft.B-CategoryUITests";
				PRODUCT_NAME = "$(TARGET_NAME)";
				TARGETED_DEVICE_FAMILY = "1,2";
				TEST_TARGET_NAME = B_Category;
			};
			name = Release;
		};
/* End XCBuildConfiguration section */

/* Begin XCConfigurationList section */
		3D968396214767BF00613437 /* Build configuration list for PBXProject "B_Category" */ = {
			isa = XCConfigurationList;
			buildConfigurations = (
				3D9683C8214767C600613437 /* Debug */,
				3D9683C9214767C600613437 /* Release */,
			);
			defaultConfigurationIsVisible = 0;
			defaultConfigurationName = Release;
		};
		3D9683CA214767C600613437 /* Build configuration list for PBXNativeTarget "B_Category" */ = {
			isa = XCConfigurationList;
			buildConfigurations = (
				3D9683CB214767C600613437 /* Debug */,
				3D9683CC214767C600613437 /* Release */,
			);
			defaultConfigurationIsVisible = 0;
			defaultConfigurationName = Release;
		};
		3D9683CD214767C600613437 /* Build configuration list for PBXNativeTarget "B_CategoryTests" */ = {
			isa = XCConfigurationList;
			buildConfigurations = (
				3D9683CE214767C600613437 /* Debug */,
				3D9683CF214767C600613437 /* Release */,
			);
			defaultConfigurationIsVisible = 0;
			defaultConfigurationName = Release;
		};
		3D9683D0214767C600613437 /* Build configuration list for PBXNativeTarget "B_CategoryUITests" */ = {
			isa = XCConfigurationList;
			buildConfigurations = (
				3D9683D1214767C600613437 /* Debug */,
				3D9683D2214767C600613437 /* Release */,
			);
			defaultConfigurationIsVisible = 0;
			defaultConfigurationName = Release;
		};
/* End XCConfigurationList section */

/* Begin XCVersionGroup section */
		3D9683A7214767BF00613437 /* B_Category.xcdatamodeld */ = {
			isa = XCVersionGroup;
			children = (
				3D9683A8214767BF00613437 /* B_Category.xcdatamodel */,
			);
			currentVersion = 3D9683A8214767BF00613437 /* B_Category.xcdatamodel */;
			path = B_Category.xcdatamodeld;
			sourceTree = "<group>";
			versionGroupType = wrapper.xcdatamodel;
		};
/* End XCVersionGroup section */
	};
	rootObject = 3D968393214767BF00613437 /* Project object */;
}
